
Microsoft Visual Studio Solution File, Format Version 12.00
# Visual Studio Version 17
VisualStudioVersion = 17.11.35327.3
MinimumVisualStudioVersion = 10.0.40219.1
Project("{FAE04EC0-301F-11D3-BF4B-00C04F79EFBC}") = "ToCamelCaseEx", "ToCamelCaseEx\ToCamelCaseEx.csproj", "{F66C421A-BA26-400E-AED7-ED8CCE94BE76}"
EndProject
Global
	GlobalSection(SolutionConfigurationPlatforms) = preSolution
		Debug|Any CPU = Debug|Any CPU
		Release|Any CPU = Release|Any CPU
	EndGlobalSection
	GlobalSection(ProjectConfigurationPlatforms) = postSolution
		{F66C421A-BA26-400E-AED7-ED8CCE94BE76}.Debug|Any CPU.ActiveCfg = Debug|Any CPU
		{F66C421A-BA26-400E-AED7-ED8CCE94BE76}.Debug|Any CPU.Build.0 = Debug|Any CPU
		{F66C421A-BA26-400E-AED7-ED8CCE94BE76}.Release|Any CPU.ActiveCfg = Release|Any CPU
		{F66C421A-BA26-400E-AED7-ED8CCE94BE76}.Release|Any CPU.Build.0 = Release|Any CPU
	EndGlobalSection
	GlobalSection(SolutionProperties) = preSolution
		HideSolutionNode = FALSE
	EndGlobalSection
	GlobalSection(ExtensibilityGlobals) = postSolution
		SolutionGuid = {8FE0E889-973E-48DF-BF44-48D77DAA4DB3}
	EndGlobalSection
EndGlobal
